
Microsoft Visual Studio Solution File, Format Version 12.00
# Visual Studio Version 17
VisualStudioVersion = 17.0.31903.59
MinimumVisualStudioVersion = 10.0.40219.1
Project("{2150E333-8FDC-42A3-9474-1A3956D46DE8}") = "src", "src", "{827E0CD3-B72D-47B6-A68D-7590B98EB39B}"
EndProject
Project("{FAE04EC0-301F-11D3-BF4B-00C04F79EFBC}") = "Finova.Common", "src\Finova.Common\Finova.Common.csproj", "{858F3E55-DCB3-41A7-8F23-F4D733DAD66D}"
EndProject
Project("{FAE04EC0-301F-11D3-BF4B-00C04F79EFBC}") = "Finova.Domain", "src\Finova.Domain\Finova.Domain.csproj", "{A8D8E9D6-E6BC-451F-A5E1-3B46AB76BC84}"
EndProject
Project("{FAE04EC0-301F-11D3-BF4B-00C04F79EFBC}") = "Finova.Application", "src\Finova.Application\Finova.Application.csproj", "{EB9C3DF1-2E98-402A-91F3-1A284498C422}"
EndProject
Project("{FAE04EC0-301F-11D3-BF4B-00C04F79EFBC}") = "Finova.Infrastructure", "src\Finova.Infrastructure\Finova.Infrastructure.csproj", "{8A611687-9DB2-4A7B-9F87-6463AD34536D}"
EndProject
Project("{FAE04EC0-301F-11D3-BF4B-00C04F79EFBC}") = "Finova.Reports", "src\Finova.Reports\Finova.Reports.csproj", "{01434D84-3B49-4953-A5F7-D4012AE4874E}"
EndProject
Project("{FAE04EC0-301F-11D3-BF4B-00C04F79EFBC}") = "Finova.Presentation.WinForms", "src\Finova.Presentation.WinForms\Finova.Presentation.WinForms.csproj", "{BD9D7B6E-E610-44A3-8598-F368F0ADE731}"
EndProject
Project("{FAE04EC0-301F-11D3-BF4B-00C04F79EFBC}") = "Finova.Application.Tests", "tests\Finova.Application.Tests\Finova.Application.Tests.csproj", "{7ED566DD-5A6E-4EF8-8F68-9138F1B46D16}"
EndProject
Global
	GlobalSection(SolutionConfigurationPlatforms) = preSolution
		Debug|Any CPU = Debug|Any CPU
		Debug|x64 = Debug|x64
		Debug|x86 = Debug|x86
		Release|Any CPU = Release|Any CPU
		Release|x64 = Release|x64
		Release|x86 = Release|x86
	EndGlobalSection
	GlobalSection(ProjectConfigurationPlatforms) = postSolution
		{858F3E55-DCB3-41A7-8F23-F4D733DAD66D}.Debug|Any CPU.ActiveCfg = Debug|Any CPU
		{858F3E55-DCB3-41A7-8F23-F4D733DAD66D}.Debug|Any CPU.Build.0 = Debug|Any CPU
		{858F3E55-DCB3-41A7-8F23-F4D733DAD66D}.Debug|x64.ActiveCfg = Debug|Any CPU
		{858F3E55-DCB3-41A7-8F23-F4D733DAD66D}.Debug|x64.Build.0 = Debug|Any CPU
		{858F3E55-DCB3-41A7-8F23-F4D733DAD66D}.Debug|x86.ActiveCfg = Debug|Any CPU
		{858F3E55-DCB3-41A7-8F23-F4D733DAD66D}.Debug|x86.Build.0 = Debug|Any CPU
		{858F3E55-DCB3-41A7-8F23-F4D733DAD66D}.Release|Any CPU.ActiveCfg = Release|Any CPU
		{858F3E55-DCB3-41A7-8F23-F4D733DAD66D}.Release|Any CPU.Build.0 = Release|Any CPU
		{858F3E55-DCB3-41A7-8F23-F4D733DAD66D}.Release|x64.ActiveCfg = Release|Any CPU
		{858F3E55-DCB3-41A7-8F23-F4D733DAD66D}.Release|x64.Build.0 = Release|Any CPU
		{858F3E55-DCB3-41A7-8F23-F4D733DAD66D}.Release|x86.ActiveCfg = Release|Any CPU
		{858F3E55-DCB3-41A7-8F23-F4D733DAD66D}.Release|x86.Build.0 = Release|Any CPU
		{A8D8E9D6-E6BC-451F-A5E1-3B46AB76BC84}.Debug|Any CPU.ActiveCfg = Debug|Any CPU
		{A8D8E9D6-E6BC-451F-A5E1-3B46AB76BC84}.Debug|Any CPU.Build.0 = Debug|Any CPU
		{A8D8E9D6-E6BC-451F-A5E1-3B46AB76BC84}.Debug|x64.ActiveCfg = Debug|Any CPU
		{A8D8E9D6-E6BC-451F-A5E1-3B46AB76BC84}.Debug|x64.Build.0 = Debug|Any CPU
		{A8D8E9D6-E6BC-451F-A5E1-3B46AB76BC84}.Debug|x86.ActiveCfg = Debug|Any CPU
		{A8D8E9D6-E6BC-451F-A5E1-3B46AB76BC84}.Debug|x86.Build.0 = Debug|Any CPU
		{A8D8E9D6-E6BC-451F-A5E1-3B46AB76BC84}.Release|Any CPU.ActiveCfg = Release|Any CPU
		{A8D8E9D6-E6BC-451F-A5E1-3B46AB76BC84}.Release|Any CPU.Build.0 = Release|Any CPU
		{A8D8E9D6-E6BC-451F-A5E1-3B46AB76BC84}.Release|x64.ActiveCfg = Release|Any CPU
		{A8D8E9D6-E6BC-451F-A5E1-3B46AB76BC84}.Release|x64.Build.0 = Release|Any CPU
		{A8D8E9D6-E6BC-451F-A5E1-3B46AB76BC84}.Release|x86.ActiveCfg = Release|Any CPU
		{A8D8E9D6-E6BC-451F-A5E1-3B46AB76BC84}.Release|x86.Build.0 = Release|Any CPU
		{EB9C3DF1-2E98-402A-91F3-1A284498C422}.Debug|Any CPU.ActiveCfg = Debug|Any CPU
		{EB9C3DF1-2E98-402A-91F3-1A284498C422}.Debug|Any CPU.Build.0 = Debug|Any CPU
		{EB9C3DF1-2E98-402A-91F3-1A284498C422}.Debug|x64.ActiveCfg = Debug|Any CPU
		{EB9C3DF1-2E98-402A-91F3-1A284498C422}.Debug|x64.Build.0 = Debug|Any CPU
		{EB9C3DF1-2E98-402A-91F3-1A284498C422}.Debug|x86.ActiveCfg = Debug|Any CPU
		{EB9C3DF1-2E98-402A-91F3-1A284498C422}.Debug|x86.Build.0 = Debug|Any CPU
		{EB9C3DF1-2E98-402A-91F3-1A284498C422}.Release|Any CPU.ActiveCfg = Release|Any CPU
		{EB9C3DF1-2E98-402A-91F3-1A284498C422}.Release|Any CPU.Build.0 = Release|Any CPU
		{EB9C3DF1-2E98-402A-91F3-1A284498C422}.Release|x64.ActiveCfg = Release|Any CPU
		{EB9C3DF1-2E98-402A-91F3-1A284498C422}.Release|x64.Build.0 = Release|Any CPU
		{EB9C3DF1-2E98-402A-91F3-1A284498C422}.Release|x86.ActiveCfg = Release|Any CPU
		{EB9C3DF1-2E98-402A-91F3-1A284498C422}.Release|x86.Build.0 = Release|Any CPU
		{8A611687-9DB2-4A7B-9F87-6463AD34536D}.Debug|Any CPU.ActiveCfg = Debug|Any CPU
		{8A611687-9DB2-4A7B-9F87-6463AD34536D}.Debug|Any CPU.Build.0 = Debug|Any CPU
		{8A611687-9DB2-4A7B-9F87-6463AD34536D}.Debug|x64.ActiveCfg = Debug|Any CPU
		{8A611687-9DB2-4A7B-9F87-6463AD34536D}.Debug|x64.Build.0 = Debug|Any CPU
		{8A611687-9DB2-4A7B-9F87-6463AD34536D}.Debug|x86.ActiveCfg = Debug|Any CPU
		{8A611687-9DB2-4A7B-9F87-6463AD34536D}.Debug|x86.Build.0 = Debug|Any CPU
		{8A611687-9DB2-4A7B-9F87-6463AD34536D}.Release|Any CPU.ActiveCfg = Release|Any CPU
		{8A611687-9DB2-4A7B-9F87-6463AD34536D}.Release|Any CPU.Build.0 = Release|Any CPU
		{8A611687-9DB2-4A7B-9F87-6463AD34536D}.Release|x64.ActiveCfg = Release|Any CPU
		{8A611687-9DB2-4A7B-9F87-6463AD34536D}.Release|x64.Build.0 = Release|Any CPU
		{8A611687-9DB2-4A7B-9F87-6463AD34536D}.Release|x86.ActiveCfg = Release|Any CPU
		{8A611687-9DB2-4A7B-9F87-6463AD34536D}.Release|x86.Build.0 = Release|Any CPU
		{01434D84-3B49-4953-A5F7-D4012AE4874E}.Debug|Any CPU.ActiveCfg = Debug|Any CPU
		{01434D84-3B49-4953-A5F7-D4012AE4874E}.Debug|Any CPU.Build.0 = Debug|Any CPU
		{01434D84-3B49-4953-A5F7-D4012AE4874E}.Debug|x64.ActiveCfg = Debug|Any CPU
		{01434D84-3B49-4953-A5F7-D4012AE4874E}.Debug|x64.Build.0 = Debug|Any CPU
		{01434D84-3B49-4953-A5F7-D4012AE4874E}.Debug|x86.ActiveCfg = Debug|Any CPU
		{01434D84-3B49-4953-A5F7-D4012AE4874E}.Debug|x86.Build.0 = Debug|Any CPU
		{01434D84-3B49-4953-A5F7-D4012AE4874E}.Release|Any CPU.ActiveCfg = Release|Any CPU
		{01434D84-3B49-4953-A5F7-D4012AE4874E}.Release|Any CPU.Build.0 = Release|Any CPU
		{01434D84-3B49-4953-A5F7-D4012AE4874E}.Release|x64.ActiveCfg = Release|Any CPU
		{01434D84-3B49-4953-A5F7-D4012AE4874E}.Release|x64.Build.0 = Release|Any CPU
		{01434D84-3B49-4953-A5F7-D4012AE4874E}.Release|x86.ActiveCfg = Release|Any CPU
		{01434D84-3B49-4953-A5F7-D4012AE4874E}.Release|x86.Build.0 = Release|Any CPU
		{BD9D7B6E-E610-44A3-8598-F368F0ADE731}.Debug|Any CPU.ActiveCfg = Debug|Any CPU
		{BD9D7B6E-E610-44A3-8598-F368F0ADE731}.Debug|Any CPU.Build.0 = Debug|Any CPU
		{BD9D7B6E-E610-44A3-8598-F368F0ADE731}.Debug|x64.ActiveCfg = Debug|Any CPU
		{BD9D7B6E-E610-44A3-8598-F368F0ADE731}.Debug|x64.Build.0 = Debug|Any CPU
		{BD9D7B6E-E610-44A3-8598-F368F0ADE731}.Debug|x86.ActiveCfg = Debug|Any CPU
		{BD9D7B6E-E610-44A3-8598-F368F0ADE731}.Debug|x86.Build.0 = Debug|Any CPU
		{BD9D7B6E-E610-44A3-8598-F368F0ADE731}.Release|Any CPU.ActiveCfg = Release|Any CPU
		{BD9D7B6E-E610-44A3-8598-F368F0ADE731}.Release|Any CPU.Build.0 = Release|Any CPU
		{BD9D7B6E-E610-44A3-8598-F368F0ADE731}.Release|x64.ActiveCfg = Release|Any CPU
		{BD9D7B6E-E610-44A3-8598-F368F0ADE731}.Release|x64.Build.0 = Release|Any CPU
		{BD9D7B6E-E610-44A3-8598-F368F0ADE731}.Release|x86.ActiveCfg = Release|Any CPU
		{BD9D7B6E-E610-44A3-8598-F368F0ADE731}.Release|x86.Build.0 = Release|Any CPU
		{7ED566DD-5A6E-4EF8-8F68-9138F1B46D16}.Debug|Any CPU.ActiveCfg = Debug|Any CPU
		{7ED566DD-5A6E-4EF8-8F68-9138F1B46D16}.Debug|Any CPU.Build.0 = Debug|Any CPU
		{7ED566DD-5A6E-4EF8-8F68-9138F1B46D16}.Debug|x64.ActiveCfg = Debug|Any CPU
		{7ED566DD-5A6E-4EF8-8F68-9138F1B46D16}.Debug|x64.Build.0 = Debug|Any CPU
		{7ED566DD-5A6E-4EF8-8F68-9138F1B46D16}.Debug|x86.ActiveCfg = Debug|Any CPU
		{7ED566DD-5A6E-4EF8-8F68-9138F1B46D16}.Debug|x86.Build.0 = Debug|Any CPU
		{7ED566DD-5A6E-4EF8-8F68-9138F1B46D16}.Release|Any CPU.ActiveCfg = Release|Any CPU
		{7ED566DD-5A6E-4EF8-8F68-9138F1B46D16}.Release|Any CPU.Build.0 = Release|Any CPU
		{7ED566DD-5A6E-4EF8-8F68-9138F1B46D16}.Release|x64.ActiveCfg = Release|Any CPU
		{7ED566DD-5A6E-4EF8-8F68-9138F1B46D16}.Release|x64.Build.0 = Release|Any CPU
		{7ED566DD-5A6E-4EF8-8F68-9138F1B46D16}.Release|x86.ActiveCfg = Release|Any CPU
		{7ED566DD-5A6E-4EF8-8F68-9138F1B46D16}.Release|x86.Build.0 = Release|Any CPU
	EndGlobalSection
	GlobalSection(SolutionProperties) = preSolution
		HideSolutionNode = FALSE
	EndGlobalSection
	GlobalSection(NestedProjects) = preSolution
		{858F3E55-DCB3-41A7-8F23-F4D733DAD66D} = {827E0CD3-B72D-47B6-A68D-7590B98EB39B}
		{A8D8E9D6-E6BC-451F-A5E1-3B46AB76BC84} = {827E0CD3-B72D-47B6-A68D-7590B98EB39B}
		{EB9C3DF1-2E98-402A-91F3-1A284498C422} = {827E0CD3-B72D-47B6-A68D-7590B98EB39B}
		{8A611687-9DB2-4A7B-9F87-6463AD34536D} = {827E0CD3-B72D-47B6-A68D-7590B98EB39B}
		{01434D84-3B49-4953-A5F7-D4012AE4874E} = {827E0CD3-B72D-47B6-A68D-7590B98EB39B}
		{BD9D7B6E-E610-44A3-8598-F368F0ADE731} = {827E0CD3-B72D-47B6-A68D-7590B98EB39B}
		{7ED566DD-5A6E-4EF8-8F68-9138F1B46D16} = {827E0CD3-B72D-47B6-A68D-7590B98EB39B}
	EndGlobalSection
EndGlobal
